# Notebook execution tools; numerical dependencies come from the experiment lock.
-r requirements.lock
Jinja2==3.1.6
MarkupSafe==3.0.3
appnope==1.0.0; sys_platform == "darwin"
asttokens==3.0.2
attrs==26.1.0
beautifulsoup4==4.15.0
bleach==6.4.0
comm==0.2.3
debugpy==1.8.21
defusedxml==0.7.1
executing==2.2.1
fastjsonschema==2.22.2
ipykernel==7.3.0
ipython==9.17.1
ipython_pygments_lexers==1.1.1
jedi==0.20.0
jsonschema-specifications==2025.9.1
jsonschema==4.26.0
jupyter_client==8.10.0
jupyter_core==5.9.1
jupyterlab_pygments==0.3.0
matplotlib-inline==0.2.2
mistune==3.3.4
nbclient==0.11.0
nbconvert==7.17.1
nbformat==5.11.1
nest-asyncio2==1.7.2
pandocfilters==1.5.1
parso==0.8.7
pexpect==4.9.0
platformdirs==4.11.8
prompt_toolkit==3.0.53
psutil==7.2.2
ptyprocess==0.7.0
pure_eval==0.2.3
pyzmq==27.2.0
referencing==0.37.0
rpds-py==2026.6.3
soupsieve==2.9.2
stack-data==0.6.3
tinycss2==1.5.1
tornado==6.5.8
traitlets==5.16.1
typing_extensions==4.16.0
wcwidth==0.8.3
webencodings==0.6.1
